// !$*UTF8*$!
{
	archiveVersion = 1;
	classes = {
	};
	objectVersion = 46;
	objects = {

/* Begin PBXBuildFile section */
		177B66AB1D984E800011EE8A /* AppDelegate.swift in Sources */ = {isa = PBXBuildFile; fileRef = 177B66AA1D984E800011EE8A /* AppDelegate.swift */; };
		177B66AD1D984E800011EE8A /* ViewController.swift in Sources */ = {isa = PBXBuildFile; fileRef = 177B66AC1D984E800011EE8A /* ViewController.swift */; };
		177B66B01D984E800011EE8A /* Main.storyboard in Resources */ = {isa = PBXBuildFile; fileRef = 177B66AE1D984E800011EE8A /* Main.storyboard */; };
		177B66B21D984E800011EE8A /* Assets.xcassets in Resources */ = {isa = PBXBuildFile; fileRef = 177B66B11D984E800011EE8A /* Assets.xcassets */; };
		177B66B51D984E800011EE8A /* LaunchScreen.storyboard in Resources */ = {isa = PBXBuildFile; fileRef = 177B66B31D984E800011EE8A /* LaunchScreen.storyboard */; };
		177B66C01D984E800011EE8A /* ToasterBrosTests.swift in Sources */ = {isa = PBXBuildFile; fileRef = 177B66BF1D984E800011EE8A /* ToasterBrosTests.swift */; };
		177B66CB1D984E800011EE8A /* ToasterBrosUITests.swift in Sources */ = {isa = PBXBuildFile; fileRef = 177B66CA1D984E800011EE8A /* ToasterBrosUITests.swift */; };
/* End PBXBuildFile section */

/* Begin PBXContainerItemProxy section */
		177B66BC1D984E800011EE8A /* PBXContainerItemProxy */ = {
			isa = PBXContainerItemProxy;
			containerPortal = 177B669F1D984E800011EE8A /* Project object */;
			proxyType = 1;
			remoteGlobalIDString = 177B66A61D984E800011EE8A;
			remoteInfo = ToasterBros;
		};
		177B66C71D984E800011EE8A /* PBXContainerItemProxy */ = {
			isa = PBXContainerItemProxy;
			containerPortal = 177B669F1D984E800011EE8A /* Project object */;
			proxyType = 1;
			remoteGlobalIDString = 177B66A61D984E800011EE8A;
			remoteInfo = ToasterBros;
		};
/* End PBXContainerItemProxy section */

/* Begin PBXFileReference section */
		177B66A71D984E800011EE8A /* ToasterBros.app */ = {isa = PBXFileReference; explicitFileType = wrapper.application; includeInIndex = 0; path = ToasterBros.app; sourceTree = BUILT_PRODUCTS_DIR; };
		177B66AA1D984E800011EE8A /* AppDelegate.swift */ = {isa = PBXFileReference; lastKnownFileType = sourcecode.swift; path = AppDelegate.swift; sourceTree = "<group>"; };
		177B66AC1D984E800011EE8A /* ViewController.swift */ = {isa = PBXFileReference; lastKnownFileType = sourcecode.swift; path = ViewController.swift; sourceTree = "<group>"; };
		177B66AF1D984E800011EE8A /* Base */ = {isa = PBXFileReference; lastKnownFileType = file.storyboard; name = Base; path = Base.lproj/Main.storyboard; sourceTree = "<group>"; };
		177B66B11D984E800011EE8A /* Assets.xcassets */ = {isa = PBXFileReference; lastKnownFileType = folder.assetcatalog; path = Assets.xcassets; sourceTree = "<group>"; };
		177B66B41D984E800011EE8A /* Base */ = {isa = PBXFileReference; lastKnownFileType = file.storyboard; name = Base; path = Base.lproj/LaunchScreen.storyboard; sourceTree = "<group>"; };
		177B66B61D984E800011EE8A /* Info.plist */ = {isa = PBXFileReference; lastKnownFileType = text.plist.xml; path = Info.plist; sourceTree = "<group>"; };
		177B66BB1D984E800011EE8A /* ToasterBrosTests.xctest */ = {isa = PBXFileReference; explicitFileType = wrapper.cfbundle; includeInIndex = 0; path = ToasterBrosTests.xctest; sourceTree = BUILT_PRODUCTS_DIR; };
		177B66BF1D984E800011EE8A /* ToasterBrosTests.swift */ = {isa = PBXFileReference; lastKnownFileType = sourcecode.swift; path = ToasterBrosTests.swift; sourceTree = "<group>"; };
		177B66C11D984E800011EE8A /* Info.plist */ = {isa = PBXFileReference; lastKnownFileType = text.plist.xml; path = Info.plist; sourceTree = "<group>"; };
		177B66C61D984E800011EE8A /* ToasterBrosUITests.xctest */ = {isa = PBXFileReference; explicitFileType = wrapper.cfbundle; includeInIndex = 0; path = ToasterBrosUITests.xctest; sourceTree = BUILT_PRODUCTS_DIR; };
		177B66CA1D984E800011EE8A /* ToasterBrosUITests.swift */ = {isa = PBXFileReference; lastKnownFileType = sourcecode.swift; path = ToasterBrosUITests.swift; sourceTree = "<group>"; };
		177B66CC1D984E800011EE8A /* Info.plist */ = {isa = PBXFileReference; lastKnownFileType = text.plist.xml; path = Info.plist; sourceTree = "<group>"; };
/* End PBXFileReference section */

/* Begin PBXFrameworksBuildPhase section */
		177B66A41D984E800011EE8A /* Frameworks */ = {
			isa = PBXFrameworksBuildPhase;
			buildActionMask = 2147483647;
			files = (
			);
			runOnlyForDeploymentPostprocessing = 0;
		};
		177B66B81D984E800011EE8A /* Frameworks */ = {
			isa = PBXFrameworksBuildPhase;
			buildActionMask = 2147483647;
			files = (
			);
			runOnlyForDeploymentPostprocessing = 0;
		};
		177B66C31D984E800011EE8A /* Frameworks */ = {
			isa = PBXFrameworksBuildPhase;
			buildActionMask = 2147483647;
			files = (
			);
			runOnlyForDeploymentPostprocessing = 0;
		};
/* End PBXFrameworksBuildPhase section */

/* Begin PBXGroup section */
		177B669E1D984E800011EE8A = {
			isa = PBXGroup;
			children = (
				177B66A91D984E800011EE8A /* ToasterBros */,
				177B66BE1D984E800011EE8A /* ToasterBrosTests */,
				177B66C91D984E800011EE8A /* ToasterBrosUITests */,
				177B66A81D984E800011EE8A /* Products */,
			);
			sourceTree = "<group>";
		};
		177B66A81D984E800011EE8A /* Products */ = {
			isa = PBXGroup;
			children = (
				177B66A71D984E800011EE8A /* ToasterBros.app */,
				177B66BB1D984E800011EE8A /* ToasterBrosTests.xctest */,
				177B66C61D984E800011EE8A /* ToasterBrosUITests.xctest */,
			);
			name = Products;
			sourceTree = "<group>";
		};
		177B66A91D984E800011EE8A /* ToasterBros */ = {
			isa = PBXGroup;
			children = (
				177B66AA1D984E800011EE8A /* AppDelegate.swift */,
				177B66AC1D984E800011EE8A /* ViewController.swift */,
				177B66AE1D984E800011EE8A /* Main.storyboard */,
				177B66B11D984E800011EE8A /* Assets.xcassets */,
				177B66B31D984E800011EE8A /* LaunchScreen.storyboard */,
				177B66B61D984E800011EE8A /* Info.plist */,
			);
			path = ToasterBros;
			sourceTree = "<group>";
		};
		177B66BE1D984E800011EE8A /* ToasterBrosTests */ = {
			isa = PBXGroup;
			children = (
				177B66BF1D984E800011EE8A /* ToasterBrosTests.swift */,
				177B66C11D984E800011EE8A /* Info.plist */,
			);
			path = ToasterBrosTests;
			sourceTree = "<group>";
		};
		177B66C91D984E800011EE8A /* ToasterBrosUITests */ = {
			isa = PBXGroup;
			children = (
				177B66CA1D984E800011EE8A /* ToasterBrosUITests.swift */,
				177B66CC1D984E800011EE8A /* Info.plist */,
			);
			path = ToasterBrosUITests;
			sourceTree = "<group>";
		};
/* End PBXGroup section */

/* Begin PBXNativeTarget section */
		177B66A61D984E800011EE8A /* ToasterBros */ = {
			isa = PBXNativeTarget;
			buildConfigurationList = 177B66CF1D984E800011EE8A /* Build configuration list for PBXNativeTarget "ToasterBros" */;
			buildPhases = (
				177B66A31D984E800011EE8A /* Sources */,
				177B66A41D984E800011EE8A /* Frameworks */,
				177B66A51D984E800011EE8A /* Resources */,
			);
			buildRules = (
			);
			dependencies = (
			);
			name = ToasterBros;
			productName = ToasterBros;
			productReference = 177B66A71D984E800011EE8A /* ToasterBros.app */;
			productType = "com.apple.product-type.application";
		};
		177B66BA1D984E800011EE8A /* ToasterBrosTests */ = {
			isa = PBXNativeTarget;
			buildConfigurationList = 177B66D21D984E800011EE8A /* Build configuration list for PBXNativeTarget "ToasterBrosTests" */;
			buildPhases = (
				177B66B71D984E800011EE8A /* Sources */,
				177B66B81D984E800011EE8A /* Frameworks */,
				177B66B91D984E800011EE8A /* Resources */,
			);
			buildRules = (
			);
			dependencies = (
				177B66BD1D984E800011EE8A /* PBXTargetDependency */,
			);
			name = ToasterBrosTests;
			productName = ToasterBrosTests;
			productReference = 177B66BB1D984E800011EE8A /* ToasterBrosTests.xctest */;
			productType = "com.apple.product-type.bundle.unit-test";
		};
		177B66C51D984E800011EE8A /* ToasterBrosUITests */ = {
			isa = PBXNativeTarget;
			buildConfigurationList = 177B66D51D984E800011EE8A /* Build configuration list for PBXNativeTarget "ToasterBrosUITests" */;
			buildPhases = (
				177B66C21D984E800011EE8A /* Sources */,
				177B66C31D984E800011EE8A /* Frameworks */,
				177B66C41D984E800011EE8A /* Resources */,
			);
			buildRules = (
			);
			dependencies = (
				177B66C81D984E800011EE8A /* PBXTargetDependency */,
			);
			name = ToasterBrosUITests;
			productName = ToasterBrosUITests;
			productReference = 177B66C61D984E800011EE8A /* ToasterBrosUITests.xctest */;
			productType = "com.apple.product-type.bundle.ui-testing";
		};
/* End PBXNativeTarget section */

/* Begin PBXProject section */
		177B669F1D984E800011EE8A /* Project object */ = {
			isa = PBXProject;
			attributes = {
				LastSwiftUpdateCheck = 0730;
				LastUpgradeCheck = 0730;
				ORGANIZATIONNAME = "Niket Parikh";
				TargetAttributes = {
					177B66A61D984E800011EE8A = {
						CreatedOnToolsVersion = 7.3.1;
						DevelopmentTeam = T246E4MBVJ;
					};
					177B66BA1D984E800011EE8A = {
						CreatedOnToolsVersion = 7.3.1;
						DevelopmentTeam = T246E4MBVJ;
						TestTargetID = 177B66A61D984E800011EE8A;
					};
					177B66C51D984E800011EE8A = {
						CreatedOnToolsVersion = 7.3.1;
						DevelopmentTeam = T246E4MBVJ;
						TestTargetID = 177B66A61D984E800011EE8A;
					};
				};
			};
			buildConfigurationList = 177B66A21D984E800011EE8A /* Build configuration list for PBXProject "ToasterBros" */;
			compatibilityVersion = "Xcode 3.2";
			developmentRegion = English;
			hasScannedForEncodings = 0;
			knownRegions = (
				en,
				Base,
			);
			mainGroup = 177B669E1D984E800011EE8A;
			productRefGroup = 177B66A81D984E800011EE8A /* Products */;
			projectDirPath = "";
			projectRoot = "";
			targets = (
				177B66A61D984E800011EE8A /* ToasterBros */,
				177B66BA1D984E800011EE8A /* ToasterBrosTests */,
				177B66C51D984E800011EE8A /* ToasterBrosUITests */,
			);
		};
/* End PBXProject section */

/* Begin PBXResourcesBuildPhase section */
		177B66A51D984E800011EE8A /* Resources */ = {
			isa = PBXResourcesBuildPhase;
			buildActionMask = 2147483647;
			files = (
				177B66B51D984E800011EE8A /* LaunchScreen.storyboard in Resources */,
				177B66B21D984E800011EE8A /* Assets.xcassets in Resources */,
				177B66B01D984E800011EE8A /* Main.storyboard in Resources */,
			);
			runOnlyForDeploymentPostprocessing = 0;
		};
		177B66B91D984E800011EE8A /* Resources */ = {
			isa = PBXResourcesBuildPhase;
			buildActionMask = 2147483647;
			files = (
			);
			runOnlyForDeploymentPostprocessing = 0;
		};
		177B66C41D984E800011EE8A /* Resources */ = {
			isa = PBXResourcesBuildPhase;
			buildActionMask = 2147483647;
			files = (
			);
			runOnlyForDeploymentPostprocessing = 0;
		};
/* End PBXResourcesBuildPhase section */

/* Begin PBXSourcesBuildPhase section */
		177B66A31D984E800011EE8A /* Sources */ = {
			isa = PBXSourcesBuildPhase;
			buildActionMask = 2147483647;
			files = (
				177B66AD1D984E800011EE8A /* ViewController.swift in Sources */,
				177B66AB1D984E800011EE8A /* AppDelegate.swift in Sources */,
			);
			runOnlyForDeploymentPostprocessing = 0;
		};
		177B66B71D984E800011EE8A /* Sources */ = {
			isa = PBXSourcesBuildPhase;
			buildActionMask = 2147483647;
			files = (
				177B66C01D984E800011EE8A /* ToasterBrosTests.swift in Sources */,
			);
			runOnlyForDeploymentPostprocessing = 0;
		};
		177B66C21D984E800011EE8A /* Sources */ = {
			isa = PBXSourcesBuildPhase;
			buildActionMask = 2147483647;
			files = (
				177B66CB1D984E800011EE8A /* ToasterBrosUITests.swift in Sources */,
			);
			runOnlyForDeploymentPostprocessing = 0;
		};
/* End PBXSourcesBuildPhase section */

/* Begin PBXTargetDependency section */
		177B66BD1D984E800011EE8A /* PBXTargetDependency */ = {
			isa = PBXTargetDependency;
			target = 177B66A61D984E800011EE8A /* ToasterBros */;
			targetProxy = 177B66BC1D984E800011EE8A /* PBXContainerItemProxy */;
		};
		177B66C81D984E800011EE8A /* PBXTargetDependency */ = {
			isa = PBXTargetDependency;
			target = 177B66A61D984E800011EE8A /* ToasterBros */;
			targetProxy = 177B66C71D984E800011EE8A /* PBXContainerItemProxy */;
		};
/* End PBXTargetDependency section */

/* Begin PBXVariantGroup section */
		177B66AE1D984E800011EE8A /* Main.storyboard */ = {
			isa = PBXVariantGroup;
			children = (
				177B66AF1D984E800011EE8A /* Base */,
			);
			name = Main.storyboard;
			sourceTree = "<group>";
		};
		177B66B31D984E800011EE8A /* LaunchScreen.storyboard */ = {
			isa = PBXVariantGroup;
			children = (
				177B66B41D984E800011EE8A /* Base */,
			);
			name = LaunchScreen.storyboard;
			sourceTree = "<group>";
		};
/* End PBXVariantGroup section */

/* Begin XCBuildConfiguration section */
		177B66CD1D984E800011EE8A /* Debug */ = {
			isa = XCBuildConfiguration;
			buildSettings = {
				ALWAYS_SEARCH_USER_PATHS = NO;
				CLANG_ANALYZER_NONNULL = YES;
				CLANG_CXX_LANGUAGE_STANDARD = "gnu++0x";
				CLANG_CXX_LIBRARY = "libc++";
				CLANG_ENABLE_MODULES = YES;
				CLANG_ENABLE_OBJC_ARC = YES;
				CLANG_WARN_BOOL_CONVERSION = YES;
				CLANG_WARN_CONSTANT_CONVERSION = YES;
				CLANG_WARN_DIRECT_OBJC_ISA_USAGE = YES_ERROR;
				CLANG_WARN_EMPTY_BODY = YES;
				CLANG_WARN_ENUM_CONVERSION = YES;
				CLANG_WARN_INT_CONVERSION = YES;
				CLANG_WARN_OBJC_ROOT_CLASS = YES_ERROR;
				CLANG_WARN_UNREACHABLE_CODE = YES;
				CLANG_WARN__DUPLICATE_METHOD_MATCH = YES;
				"CODE_SIGN_IDENTITY[sdk=iphoneos*]" = "iPhone Developer";
				COPY_PHASE_STRIP = NO;
				DEBUG_INFORMATION_FORMAT = dwarf;
				ENABLE_STRICT_OBJC_MSGSEND = YES;
				ENABLE_TESTABILITY = YES;
				GCC_C_LANGUAGE_STANDARD = gnu99;
				GCC_DYNAMIC_NO_PIC = NO;
				GCC_NO_COMMON_BLOCKS = YES;
				GCC_OPTIMIZATION_LEVEL = 0;
				GCC_PREPROCESSOR_DEFINITIONS = (
					"DEBUG=1",
					"$(inherited)",
				);
				GCC_WARN_64_TO_32_BIT_CONVERSION = YES;
				GCC_WARN_ABOUT_RETURN_TYPE = YES_ERROR;
				GCC_WARN_UNDECLARED_SELECTOR = YES;
				GCC_WARN_UNINITIALIZED_AUTOS = YES_AGGRESSIVE;
				GCC_WARN_UNUSED_FUNCTION = YES;
				GCC_WARN_UNUSED_VARIABLE = YES;
				IPHONEOS_DEPLOYMENT_TARGET = 9.3;
				MTL_ENABLE_DEBUG_INFO = YES;
				ONLY_ACTIVE_ARCH = YES;
				SDKROOT = iphoneos;
				SWIFT_OPTIMIZATION_LEVEL = "-Onone";
			};
			name = Debug;
		};
		177B66CE1D984E800011EE8A /* Release */ = {
			isa = XCBuildConfiguration;
			buildSettings = {
				ALWAYS_SEARCH_USER_PATHS = NO;
				CLANG_ANALYZER_NONNULL = YES;
				CLANG_CXX_LANGUAGE_STANDARD = "gnu++0x";
				CLANG_CXX_LIBRARY = "libc++";
				CLANG_ENABLE_MODULES = YES;
				CLANG_ENABLE_OBJC_ARC = YES;
				CLANG_WARN_BOOL_CONVERSION = YES;
				CLANG_WARN_CONSTANT_CONVERSION = YES;
				CLANG_WARN_DIRECT_OBJC_ISA_USAGE = YES_ERROR;
				CLANG_WARN_EMPTY_BODY = YES;
				CLANG_WARN_ENUM_CONVERSION = YES;
				CLANG_WARN_INT_CONVERSION = YES;
				CLANG_WARN_OBJC_ROOT_CLASS = YES_ERROR;
				CLANG_WARN_UNREACHABLE_CODE = YES;
				CLANG_WARN__DUPLICATE_METHOD_MATCH = YES;
				"CODE_SIGN_IDENTITY[sdk=iphoneos*]" = "iPhone Developer";
				COPY_PHASE_STRIP = NO;
				DEBUG_INFORMATION_FORMAT = "dwarf-with-dsym";
				ENABLE_NS_ASSERTIONS = NO;
				ENABLE_STRICT_OBJC_MSGSEND = YES;
				GCC_C_LANGUAGE_STANDARD = gnu99;
				GCC_NO_COMMON_BLOCKS = YES;
				GCC_WARN_64_TO_32_BIT_CONVERSION = YES;
				GCC_WARN_ABOUT_RETURN_TYPE = YES_ERROR;
				GCC_WARN_UNDECLARED_SELECTOR = YES;
				GCC_WARN_UNINITIALIZED_AUTOS = YES_AGGRESSIVE;
				GCC_WARN_UNUSED_FUNCTION = YES;
				GCC_WARN_UNUSED_VARIABLE = YES;
				IPHONEOS_DEPLOYMENT_TARGET = 9.3;
				MTL_ENABLE_DEBUG_INFO = NO;
				SDKROOT = iphoneos;
				VALIDATE_PRODUCT = YES;
			};
			name = Release;
		};
		177B66D01D984E800011EE8A /* Debug */ = {
			isa = XCBuildConfiguration;
			buildSettings = {
				ASSETCATALOG_COMPILER_APPICON_NAME = AppIcon;
				INFOPLIST_FILE = ToasterBros/Info.plist;
				LD_RUNPATH_SEARCH_PATHS = "$(inherited) @executable_path/Frameworks";
				PRODUCT_BUNDLE_IDENTIFIER = com.NiketParikh.ToasterBros;
				PRODUCT_NAME = "$(TARGET_NAME)";
			};
			name = Debug;
		};
		177B66D11D984E800011EE8A /* Release */ = {
			isa = XCBuildConfiguration;
			buildSettings = {
				ASSETCATALOG_COMPILER_APPICON_NAME = AppIcon;
				INFOPLIST_FILE = ToasterBros/Info.plist;
				LD_RUNPATH_SEARCH_PATHS = "$(inherited) @executable_path/Frameworks";
				PRODUCT_BUNDLE_IDENTIFIER = com.NiketParikh.ToasterBros;
				PRODUCT_NAME = "$(TARGET_NAME)";
			};
			name = Release;
		};
		177B66D31D984E800011EE8A /* Debug */ = {
			isa = XCBuildConfiguration;
			buildSettings = {
				BUNDLE_LOADER = "$(TEST_HOST)";
				INFOPLIST_FILE = ToasterBrosTests/Info.plist;
				LD_RUNPATH_SEARCH_PATHS = "$(inherited) @executable_path/Frameworks @loader_path/Frameworks";
				PRODUCT_BUNDLE_IDENTIFIER = com.NiketParikh.ToasterBrosTests;
				PRODUCT_NAME = "$(TARGET_NAME)";
				TEST_HOST = "$(BUILT_PRODUCTS_DIR)/ToasterBros.app/ToasterBros";
			};
			name = Debug;
		};
		177B66D41D984E800011EE8A /* Release */ = {
			isa = XCBuildConfiguration;
			buildSettings = {
				BUNDLE_LOADER = "$(TEST_HOST)";
				INFOPLIST_FILE = ToasterBrosTests/Info.plist;
				LD_RUNPATH_SEARCH_PATHS = "$(inherited) @executable_path/Frameworks @loader_path/Frameworks";
				PRODUCT_BUNDLE_IDENTIFIER = com.NiketParikh.ToasterBrosTests;
				PRODUCT_NAME = "$(TARGET_NAME)";
				TEST_HOST = "$(BUILT_PRODUCTS_DIR)/ToasterBros.app/ToasterBros";
			};
			name = Release;
		};
		177B66D61D984E800011EE8A /* Debug */ = {
			isa = XCBuildConfiguration;
			buildSettings = {
				INFOPLIST_FILE = ToasterBrosUITests/Info.plist;
				LD_RUNPATH_SEARCH_PATHS = "$(inherited) @executable_path/Frameworks @loader_path/Frameworks";
				PRODUCT_BUNDLE_IDENTIFIER = com.NiketParikh.ToasterBrosUITests;
				PRODUCT_NAME = "$(TARGET_NAME)";
				TEST_TARGET_NAME = ToasterBros;
			};
			name = Debug;
		};
		177B66D71D984E800011EE8A /* Release */ = {
			isa = XCBuildConfiguration;
			buildSettings = {
				INFOPLIST_FILE = ToasterBrosUITests/Info.plist;
				LD_RUNPATH_SEARCH_PATHS = "$(inherited) @executable_path/Frameworks @loader_path/Frameworks";
				PRODUCT_BUNDLE_IDENTIFIER = com.NiketParikh.ToasterBrosUITests;
				PRODUCT_NAME = "$(TARGET_NAME)";
				TEST_TARGET_NAME = ToasterBros;
			};
			name = Release;
		};
/* End XCBuildConfiguration section */

/* Begin XCConfigurationList section */
		177B66A21D984E800011EE8A /* Build configuration list for PBXProject "ToasterBros" */ = {
			isa = XCConfigurationList;
			buildConfigurations = (
				177B66CD1D984E800011EE8A /* Debug */,
				177B66CE1D984E800011EE8A /* Release */,
			);
			defaultConfigurationIsVisible = 0;
			defaultConfigurationName = Release;
		};
		177B66CF1D984E800011EE8A /* Build configuration list for PBXNativeTarget "ToasterBros" */ = {
			isa = XCConfigurationList;
			buildConfigurations = (
				177B66D01D984E800011EE8A /* Debug */,
				177B66D11D984E800011EE8A /* Release */,
			);
			defaultConfigurationIsVisible = 0;
		};
		177B66D21D984E800011EE8A /* Build configuration list for PBXNativeTarget "ToasterBrosTests" */ = {
			isa = XCConfigurationList;
			buildConfigurations = (
				177B66D31D984E800011EE8A /* Debug */,
				177B66D41D984E800011EE8A /* Release */,
			);
			defaultConfigurationIsVisible = 0;
		};
		177B66D51D984E800011EE8A /* Build configuration list for PBXNativeTarget "ToasterBrosUITests" */ = {
			isa = XCConfigurationList;
			buildConfigurations = (
				177B66D61D984E800011EE8A /* Debug */,
				177B66D71D984E800011EE8A /* Release */,
			);
			defaultConfigurationIsVisible = 0;
		};
/* End XCConfigurationList section */
	};
	rootObject = 177B669F1D984E800011EE8A /* Project object */;
}
